
Microsoft Visual Studio Solution File, Format Version 12.00
# Visual Studio Version 17
VisualStudioVersion = 17.5.2.0
MinimumVisualStudioVersion = 10.0.40219.1
Project("{FAE04EC0-301F-11D3-BF4B-00C04F79EFBC}") = "VibeAPI.API", "src\VibeAPI.API\VibeAPI.API.csproj", "{51D18890-D170-AEA8-2932-36975CF3086E}"
EndProject
Project("{2150E333-8FDC-42A3-9474-1A3956D46DE8}") = "tests", "tests", "{0AB3BF05-4346-4AA6-1389-037BE0695223}"
EndProject
Project("{FAE04EC0-301F-11D3-BF4B-00C04F79EFBC}") = "VibeAPI.Tests", "tests\VibeAPI.Tests\VibeAPI.Tests.csproj", "{1ED5B1DE-F42B-4A01-8398-1F68065EBCDE}"
EndProject
Project("{2150E333-8FDC-42A3-9474-1A3956D46DE8}") = "src", "src", "{827E0CD3-B72D-47B6-A68D-7590B98EB39B}"
EndProject
Project("{FAE04EC0-301F-11D3-BF4B-00C04F79EFBC}") = "VibeAPI.Domain", "src\VibeAPI.Domain\VibeAPI.Domain.csproj", "{5D9842D5-F83F-4EAA-845E-B8AE239086A4}"
EndProject
Project("{FAE04EC0-301F-11D3-BF4B-00C04F79EFBC}") = "VibeAPI.Application", "src\VibeAPI.Application\VibeAPI.Application.csproj", "{AAA10FB3-C606-42A2-86A8-9C151E46A4EA}"
EndProject
Project("{FAE04EC0-301F-11D3-BF4B-00C04F79EFBC}") = "VibeAPI.Data", "src\VibeAPI.Data\VibeAPI.Data.csproj", "{47AE7D89-42DE-4DB8-B136-0784E9A5A808}"
EndProject
Project("{FAE04EC0-301F-11D3-BF4B-00C04F79EFBC}") = "VibeAPI.AppHost", "src\VibeAPI.AppHost\VibeAPI.AppHost.csproj", "{B59EDAAA-5B2A-4341-AD92-48A417498B78}"
EndProject
Project("{FAE04EC0-301F-11D3-BF4B-00C04F79EFBC}") = "VibeAPI.ServiceDefaults", "src\VibeAPI.ServiceDefaults\VibeAPI.ServiceDefaults.csproj", "{60E9005D-C881-4BAA-A143-292B848B4943}"
EndProject
Project("{FAE04EC0-301F-11D3-BF4B-00C04F79EFBC}") = "VibeAPI.Client", "src\VibeAPI.Client\VibeAPI.Client.csproj", "{149A80E6-878A-497B-877A-E52E03DBCB8D}"
EndProject
Project("{FAE04EC0-301F-11D3-BF4B-00C04F79EFBC}") = "VibeAPI.CLI", "src\VibeAPI.CLI\VibeAPI.CLI.csproj", "{AD1BCE54-8071-4E29-86B6-E380BF87C26D}"
EndProject
Global
	GlobalSection(SolutionConfigurationPlatforms) = preSolution
		Debug|Any CPU = Debug|Any CPU
		Debug|x64 = Debug|x64
		Debug|x86 = Debug|x86
		Release|Any CPU = Release|Any CPU
		Release|x64 = Release|x64
		Release|x86 = Release|x86
	EndGlobalSection
	GlobalSection(ProjectConfigurationPlatforms) = postSolution
		{51D18890-D170-AEA8-2932-36975CF3086E}.Debug|Any CPU.ActiveCfg = Debug|Any CPU
		{51D18890-D170-AEA8-2932-36975CF3086E}.Debug|Any CPU.Build.0 = Debug|Any CPU
		{51D18890-D170-AEA8-2932-36975CF3086E}.Debug|x64.ActiveCfg = Debug|Any CPU
		{51D18890-D170-AEA8-2932-36975CF3086E}.Debug|x64.Build.0 = Debug|Any CPU
		{51D18890-D170-AEA8-2932-36975CF3086E}.Debug|x86.ActiveCfg = Debug|Any CPU
		{51D18890-D170-AEA8-2932-36975CF3086E}.Debug|x86.Build.0 = Debug|Any CPU
		{51D18890-D170-AEA8-2932-36975CF3086E}.Release|Any CPU.ActiveCfg = Release|Any CPU
		{51D18890-D170-AEA8-2932-36975CF3086E}.Release|Any CPU.Build.0 = Release|Any CPU
		{51D18890-D170-AEA8-2932-36975CF3086E}.Release|x64.ActiveCfg = Release|Any CPU
		{51D18890-D170-AEA8-2932-36975CF3086E}.Release|x64.Build.0 = Release|Any CPU
		{51D18890-D170-AEA8-2932-36975CF3086E}.Release|x86.ActiveCfg = Release|Any CPU
		{51D18890-D170-AEA8-2932-36975CF3086E}.Release|x86.Build.0 = Release|Any CPU
		{1ED5B1DE-F42B-4A01-8398-1F68065EBCDE}.Debug|Any CPU.ActiveCfg = Debug|Any CPU
		{1ED5B1DE-F42B-4A01-8398-1F68065EBCDE}.Debug|Any CPU.Build.0 = Debug|Any CPU
		{1ED5B1DE-F42B-4A01-8398-1F68065EBCDE}.Debug|x64.ActiveCfg = Debug|Any CPU
		{1ED5B1DE-F42B-4A01-8398-1F68065EBCDE}.Debug|x64.Build.0 = Debug|Any CPU
		{1ED5B1DE-F42B-4A01-8398-1F68065EBCDE}.Debug|x86.ActiveCfg = Debug|Any CPU
		{1ED5B1DE-F42B-4A01-8398-1F68065EBCDE}.Debug|x86.Build.0 = Debug|Any CPU
		{1ED5B1DE-F42B-4A01-8398-1F68065EBCDE}.Release|Any CPU.ActiveCfg = Release|Any CPU
		{1ED5B1DE-F42B-4A01-8398-1F68065EBCDE}.Release|Any CPU.Build.0 = Release|Any CPU
		{1ED5B1DE-F42B-4A01-8398-1F68065EBCDE}.Release|x64.ActiveCfg = Release|Any CPU
		{1ED5B1DE-F42B-4A01-8398-1F68065EBCDE}.Release|x64.Build.0 = Release|Any CPU
		{1ED5B1DE-F42B-4A01-8398-1F68065EBCDE}.Release|x86.ActiveCfg = Release|Any CPU
		{1ED5B1DE-F42B-4A01-8398-1F68065EBCDE}.Release|x86.Build.0 = Release|Any CPU
		{5D9842D5-F83F-4EAA-845E-B8AE239086A4}.Debug|Any CPU.ActiveCfg = Debug|Any CPU
		{5D9842D5-F83F-4EAA-845E-B8AE239086A4}.Debug|Any CPU.Build.0 = Debug|Any CPU
		{5D9842D5-F83F-4EAA-845E-B8AE239086A4}.Debug|x64.ActiveCfg = Debug|Any CPU
		{5D9842D5-F83F-4EAA-845E-B8AE239086A4}.Debug|x64.Build.0 = Debug|Any CPU
		{5D9842D5-F83F-4EAA-845E-B8AE239086A4}.Debug|x86.ActiveCfg = Debug|Any CPU
		{5D9842D5-F83F-4EAA-845E-B8AE239086A4}.Debug|x86.Build.0 = Debug|Any CPU
		{5D9842D5-F83F-4EAA-845E-B8AE239086A4}.Release|Any CPU.ActiveCfg = Release|Any CPU
		{5D9842D5-F83F-4EAA-845E-B8AE239086A4}.Release|Any CPU.Build.0 = Release|Any CPU
		{5D9842D5-F83F-4EAA-845E-B8AE239086A4}.Release|x64.ActiveCfg = Release|Any CPU
		{5D9842D5-F83F-4EAA-845E-B8AE239086A4}.Release|x64.Build.0 = Release|Any CPU
		{5D9842D5-F83F-4EAA-845E-B8AE239086A4}.Release|x86.ActiveCfg = Release|Any CPU
		{5D9842D5-F83F-4EAA-845E-B8AE239086A4}.Release|x86.Build.0 = Release|Any CPU
		{AAA10FB3-C606-42A2-86A8-9C151E46A4EA}.Debug|Any CPU.ActiveCfg = Debug|Any CPU
		{AAA10FB3-C606-42A2-86A8-9C151E46A4EA}.Debug|Any CPU.Build.0 = Debug|Any CPU
		{AAA10FB3-C606-42A2-86A8-9C151E46A4EA}.Debug|x64.ActiveCfg = Debug|Any CPU
		{AAA10FB3-C606-42A2-86A8-9C151E46A4EA}.Debug|x64.Build.0 = Debug|Any CPU
		{AAA10FB3-C606-42A2-86A8-9C151E46A4EA}.Debug|x86.ActiveCfg = Debug|Any CPU
		{AAA10FB3-C606-42A2-86A8-9C151E46A4EA}.Debug|x86.Build.0 = Debug|Any CPU
		{AAA10FB3-C606-42A2-86A8-9C151E46A4EA}.Release|Any CPU.ActiveCfg = Release|Any CPU
		{AAA10FB3-C606-42A2-86A8-9C151E46A4EA}.Release|Any CPU.Build.0 = Release|Any CPU
		{AAA10FB3-C606-42A2-86A8-9C151E46A4EA}.Release|x64.ActiveCfg = Release|Any CPU
		{AAA10FB3-C606-42A2-86A8-9C151E46A4EA}.Release|x64.Build.0 = Release|Any CPU
		{AAA10FB3-C606-42A2-86A8-9C151E46A4EA}.Release|x86.ActiveCfg = Release|Any CPU
		{AAA10FB3-C606-42A2-86A8-9C151E46A4EA}.Release|x86.Build.0 = Release|Any CPU
		{47AE7D89-42DE-4DB8-B136-0784E9A5A808}.Debug|Any CPU.ActiveCfg = Debug|Any CPU
		{47AE7D89-42DE-4DB8-B136-0784E9A5A808}.Debug|Any CPU.Build.0 = Debug|Any CPU
		{47AE7D89-42DE-4DB8-B136-0784E9A5A808}.Debug|x64.ActiveCfg = Debug|Any CPU
		{47AE7D89-42DE-4DB8-B136-0784E9A5A808}.Debug|x64.Build.0 = Debug|Any CPU
		{47AE7D89-42DE-4DB8-B136-0784E9A5A808}.Debug|x86.ActiveCfg = Debug|Any CPU
		{47AE7D89-42DE-4DB8-B136-0784E9A5A808}.Debug|x86.Build.0 = Debug|Any CPU
		{47AE7D89-42DE-4DB8-B136-0784E9A5A808}.Release|Any CPU.ActiveCfg = Release|Any CPU
		{47AE7D89-42DE-4DB8-B136-0784E9A5A808}.Release|Any CPU.Build.0 = Release|Any CPU
		{47AE7D89-42DE-4DB8-B136-0784E9A5A808}.Release|x64.ActiveCfg = Release|Any CPU
		{47AE7D89-42DE-4DB8-B136-0784E9A5A808}.Release|x64.Build.0 = Release|Any CPU
		{47AE7D89-42DE-4DB8-B136-0784E9A5A808}.Release|x86.ActiveCfg = Release|Any CPU
		{47AE7D89-42DE-4DB8-B136-0784E9A5A808}.Release|x86.Build.0 = Release|Any CPU
		{B59EDAAA-5B2A-4341-AD92-48A417498B78}.Debug|Any CPU.ActiveCfg = Debug|Any CPU
		{B59EDAAA-5B2A-4341-AD92-48A417498B78}.Debug|Any CPU.Build.0 = Debug|Any CPU
		{B59EDAAA-5B2A-4341-AD92-48A417498B78}.Debug|x64.ActiveCfg = Debug|Any CPU
		{B59EDAAA-5B2A-4341-AD92-48A417498B78}.Debug|x64.Build.0 = Debug|Any CPU
		{B59EDAAA-5B2A-4341-AD92-48A417498B78}.Debug|x86.ActiveCfg = Debug|Any CPU
		{B59EDAAA-5B2A-4341-AD92-48A417498B78}.Debug|x86.Build.0 = Debug|Any CPU
		{B59EDAAA-5B2A-4341-AD92-48A417498B78}.Release|Any CPU.ActiveCfg = Release|Any CPU
		{B59EDAAA-5B2A-4341-AD92-48A417498B78}.Release|Any CPU.Build.0 = Release|Any CPU
		{B59EDAAA-5B2A-4341-AD92-48A417498B78}.Release|x64.ActiveCfg = Release|Any CPU
		{B59EDAAA-5B2A-4341-AD92-48A417498B78}.Release|x64.Build.0 = Release|Any CPU
		{B59EDAAA-5B2A-4341-AD92-48A417498B78}.Release|x86.ActiveCfg = Release|Any CPU
		{B59EDAAA-5B2A-4341-AD92-48A417498B78}.Release|x86.Build.0 = Release|Any CPU
		{60E9005D-C881-4BAA-A143-292B848B4943}.Debug|Any CPU.ActiveCfg = Debug|Any CPU
		{60E9005D-C881-4BAA-A143-292B848B4943}.Debug|Any CPU.Build.0 = Debug|Any CPU
		{60E9005D-C881-4BAA-A143-292B848B4943}.Debug|x64.ActiveCfg = Debug|Any CPU
		{60E9005D-C881-4BAA-A143-292B848B4943}.Debug|x64.Build.0 = Debug|Any CPU
		{60E9005D-C881-4BAA-A143-292B848B4943}.Debug|x86.ActiveCfg = Debug|Any CPU
		{60E9005D-C881-4BAA-A143-292B848B4943}.Debug|x86.Build.0 = Debug|Any CPU
		{60E9005D-C881-4BAA-A143-292B848B4943}.Release|Any CPU.ActiveCfg = Release|Any CPU
		{60E9005D-C881-4BAA-A143-292B848B4943}.Release|Any CPU.Build.0 = Release|Any CPU
		{60E9005D-C881-4BAA-A143-292B848B4943}.Release|x64.ActiveCfg = Release|Any CPU
		{60E9005D-C881-4BAA-A143-292B848B4943}.Release|x64.Build.0 = Release|Any CPU
		{60E9005D-C881-4BAA-A143-292B848B4943}.Release|x86.ActiveCfg = Release|Any CPU
		{60E9005D-C881-4BAA-A143-292B848B4943}.Release|x86.Build.0 = Release|Any CPU
		{149A80E6-878A-497B-877A-E52E03DBCB8D}.Debug|Any CPU.ActiveCfg = Debug|Any CPU
		{149A80E6-878A-497B-877A-E52E03DBCB8D}.Debug|Any CPU.Build.0 = Debug|Any CPU
		{149A80E6-878A-497B-877A-E52E03DBCB8D}.Debug|x64.ActiveCfg = Debug|Any CPU
		{149A80E6-878A-497B-877A-E52E03DBCB8D}.Debug|x64.Build.0 = Debug|Any CPU
		{149A80E6-878A-497B-877A-E52E03DBCB8D}.Debug|x86.ActiveCfg = Debug|Any CPU
		{149A80E6-878A-497B-877A-E52E03DBCB8D}.Debug|x86.Build.0 = Debug|Any CPU
		{149A80E6-878A-497B-877A-E52E03DBCB8D}.Release|Any CPU.ActiveCfg = Release|Any CPU
		{149A80E6-878A-497B-877A-E52E03DBCB8D}.Release|Any CPU.Build.0 = Release|Any CPU
		{149A80E6-878A-497B-877A-E52E03DBCB8D}.Release|x64.ActiveCfg = Release|Any CPU
		{149A80E6-878A-497B-877A-E52E03DBCB8D}.Release|x64.Build.0 = Release|Any CPU
		{149A80E6-878A-497B-877A-E52E03DBCB8D}.Release|x86.ActiveCfg = Release|Any CPU
		{149A80E6-878A-497B-877A-E52E03DBCB8D}.Release|x86.Build.0 = Release|Any CPU
		{AD1BCE54-8071-4E29-86B6-E380BF87C26D}.Debug|Any CPU.ActiveCfg = Debug|Any CPU
		{AD1BCE54-8071-4E29-86B6-E380BF87C26D}.Debug|Any CPU.Build.0 = Debug|Any CPU
		{AD1BCE54-8071-4E29-86B6-E380BF87C26D}.Debug|x64.ActiveCfg = Debug|Any CPU
		{AD1BCE54-8071-4E29-86B6-E380BF87C26D}.Debug|x64.Build.0 = Debug|Any CPU
		{AD1BCE54-8071-4E29-86B6-E380BF87C26D}.Debug|x86.ActiveCfg = Debug|Any CPU
		{AD1BCE54-8071-4E29-86B6-E380BF87C26D}.Debug|x86.Build.0 = Debug|Any CPU
		{AD1BCE54-8071-4E29-86B6-E380BF87C26D}.Release|Any CPU.ActiveCfg = Release|Any CPU
		{AD1BCE54-8071-4E29-86B6-E380BF87C26D}.Release|Any CPU.Build.0 = Release|Any CPU
		{AD1BCE54-8071-4E29-86B6-E380BF87C26D}.Release|x64.ActiveCfg = Release|Any CPU
		{AD1BCE54-8071-4E29-86B6-E380BF87C26D}.Release|x64.Build.0 = Release|Any CPU
		{AD1BCE54-8071-4E29-86B6-E380BF87C26D}.Release|x86.ActiveCfg = Release|Any CPU
		{AD1BCE54-8071-4E29-86B6-E380BF87C26D}.Release|x86.Build.0 = Release|Any CPU
	EndGlobalSection
	GlobalSection(SolutionProperties) = preSolution
		HideSolutionNode = FALSE
	EndGlobalSection
	GlobalSection(NestedProjects) = preSolution
		{1ED5B1DE-F42B-4A01-8398-1F68065EBCDE} = {0AB3BF05-4346-4AA6-1389-037BE0695223}
		{5D9842D5-F83F-4EAA-845E-B8AE239086A4} = {827E0CD3-B72D-47B6-A68D-7590B98EB39B}
		{AAA10FB3-C606-42A2-86A8-9C151E46A4EA} = {827E0CD3-B72D-47B6-A68D-7590B98EB39B}
		{47AE7D89-42DE-4DB8-B136-0784E9A5A808} = {827E0CD3-B72D-47B6-A68D-7590B98EB39B}
		{B59EDAAA-5B2A-4341-AD92-48A417498B78} = {827E0CD3-B72D-47B6-A68D-7590B98EB39B}
		{60E9005D-C881-4BAA-A143-292B848B4943} = {827E0CD3-B72D-47B6-A68D-7590B98EB39B}
		{149A80E6-878A-497B-877A-E52E03DBCB8D} = {827E0CD3-B72D-47B6-A68D-7590B98EB39B}
		{AD1BCE54-8071-4E29-86B6-E380BF87C26D} = {827E0CD3-B72D-47B6-A68D-7590B98EB39B}
	EndGlobalSection
	GlobalSection(ExtensibilityGlobals) = postSolution
		SolutionGuid = {4B0F08EF-106B-4429-B4B3-4D09F320F0CB}
	EndGlobalSection
EndGlobal
